// !$*UTF8*$!
{
	archiveVersion = 1;
	classes = {
	};
	objectVersion = 46;
	objects = {

/* Begin PBXBuildFile section */
		F6114FC21F462E5A007F0720 /* AppDelegate.swift in Sources */ = {isa = PBXBuildFile; fileRef = F6114FC11F462E5A007F0720 /* AppDelegate.swift */; };
		F6114FC41F462E5A007F0720 /* ViewController.swift in Sources */ = {isa = PBXBuildFile; fileRef = F6114FC31F462E5A007F0720 /* ViewController.swift */; };
		F6114FC71F462E5A007F0720 /* Main.storyboard in Resources */ = {isa = PBXBuildFile; fileRef = F6114FC51F462E5A007F0720 /* Main.storyboard */; };
		F6114FC91F462E5A007F0720 /* Assets.xcassets in Resources */ = {isa = PBXBuildFile; fileRef = F6114FC81F462E5A007F0720 /* Assets.xcassets */; };
		F6114FCC1F462E5A007F0720 /* LaunchScreen.storyboard in Resources */ = {isa = PBXBuildFile; fileRef = F6114FCA1F462E5A007F0720 /* LaunchScreen.storyboard */; };
		F6114FD71F463241007F0720 /* meow.m4a in Resources */ = {isa = PBXBuildFile; fileRef = F6114FD31F463241007F0720 /* meow.m4a */; };
		F6114FD81F463241007F0720 /* moo.m4a in Resources */ = {isa = PBXBuildFile; fileRef = F6114FD41F463241007F0720 /* moo.m4a */; };
		F6114FD91F463241007F0720 /* SimpleSound.swift in Sources */ = {isa = PBXBuildFile; fileRef = F6114FD51F463241007F0720 /* SimpleSound.swift */; };
		F6114FDA1F463241007F0720 /* woof.m4a in Resources */ = {isa = PBXBuildFile; fileRef = F6114FD61F463241007F0720 /* woof.m4a */; };
/* End PBXBuildFile section */

/* Begin PBXFileReference section */
		F6114FBE1F462E5A007F0720 /* AnimalSounds.app */ = {isa = PBXFileReference; explicitFileType = wrapper.application; includeInIndex = 0; path = AnimalSounds.app; sourceTree = BUILT_PRODUCTS_DIR; };
		F6114FC11F462E5A007F0720 /* AppDelegate.swift */ = {isa = PBXFileReference; lastKnownFileType = sourcecode.swift; path = AppDelegate.swift; sourceTree = "<group>"; };
		F6114FC31F462E5A007F0720 /* ViewController.swift */ = {isa = PBXFileReference; lastKnownFileType = sourcecode.swift; path = ViewController.swift; sourceTree = "<group>"; };
		F6114FC61F462E5A007F0720 /* Base */ = {isa = PBXFileReference; lastKnownFileType = file.storyboard; name = Base; path = Base.lproj/Main.storyboard; sourceTree = "<group>"; };
		F6114FC81F462E5A007F0720 /* Assets.xcassets */ = {isa = PBXFileReference; lastKnownFileType = folder.assetcatalog; path = Assets.xcassets; sourceTree = "<group>"; };
		F6114FCB1F462E5A007F0720 /* Base */ = {isa = PBXFileReference; lastKnownFileType = file.storyboard; name = Base; path = Base.lproj/LaunchScreen.storyboard; sourceTree = "<group>"; };
		F6114FCD1F462E5A007F0720 /* Info.plist */ = {isa = PBXFileReference; lastKnownFileType = text.plist.xml; path = Info.plist; sourceTree = "<group>"; };
		F6114FD31F463241007F0720 /* meow.m4a */ = {isa = PBXFileReference; lastKnownFileType = file; path = meow.m4a; sourceTree = "<group>"; };
		F6114FD41F463241007F0720 /* moo.m4a */ = {isa = PBXFileReference; lastKnownFileType = file; path = moo.m4a; sourceTree = "<group>"; };
		F6114FD51F463241007F0720 /* SimpleSound.swift */ = {isa = PBXFileReference; fileEncoding = 4; lastKnownFileType = sourcecode.swift; path = SimpleSound.swift; sourceTree = "<group>"; };
		F6114FD61F463241007F0720 /* woof.m4a */ = {isa = PBXFileReference; lastKnownFileType = file; path = woof.m4a; sourceTree = "<group>"; };
/* End PBXFileReference section */

/* Begin PBXFrameworksBuildPhase section */
		F6114FBB1F462E5A007F0720 /* Frameworks */ = {
			isa = PBXFrameworksBuildPhase;
			buildActionMask = 2147483647;
			files = (
			);
			runOnlyForDeploymentPostprocessing = 0;
		};
/* End PBXFrameworksBuildPhase section */

/* Begin PBXGroup section */
		F6114FB51F462E5A007F0720 = {
			isa = PBXGroup;
			children = (
				F6114FC01F462E5A007F0720 /* AnimalSounds */,
				F6114FBF1F462E5A007F0720 /* Products */,
			);
			sourceTree = "<group>";
		};
		F6114FBF1F462E5A007F0720 /* Products */ = {
			isa = PBXGroup;
			children = (
				F6114FBE1F462E5A007F0720 /* AnimalSounds.app */,
			);
			name = Products;
			sourceTree = "<group>";
		};
		F6114FC01F462E5A007F0720 /* AnimalSounds */ = {
			isa = PBXGroup;
			children = (
				F6114FD31F463241007F0720 /* meow.m4a */,
				F6114FD41F463241007F0720 /* moo.m4a */,
				F6114FD51F463241007F0720 /* SimpleSound.swift */,
				F6114FD61F463241007F0720 /* woof.m4a */,
				F6114FC11F462E5A007F0720 /* AppDelegate.swift */,
				F6114FC31F462E5A007F0720 /* ViewController.swift */,
				F6114FC51F462E5A007F0720 /* Main.storyboard */,
				F6114FC81F462E5A007F0720 /* Assets.xcassets */,
				F6114FCA1F462E5A007F0720 /* LaunchScreen.storyboard */,
				F6114FCD1F462E5A007F0720 /* Info.plist */,
			);
			path = AnimalSounds;
			sourceTree = "<group>";
		};
/* End PBXGroup section */

/* Begin PBXNativeTarget section */
		F6114FBD1F462E5A007F0720 /* AnimalSounds */ = {
			isa = PBXNativeTarget;
			buildConfigurationList = F6114FD01F462E5A007F0720 /* Build configuration list for PBXNativeTarget "AnimalSounds" */;
			buildPhases = (
				F6114FBA1F462E5A007F0720 /* Sources */,
				F6114FBB1F462E5A007F0720 /* Frameworks */,
				F6114FBC1F462E5A007F0720 /* Resources */,
			);
			buildRules = (
			);
			dependencies = (
			);
			name = AnimalSounds;
			productName = AnimalSounds;
			productReference = F6114FBE1F462E5A007F0720 /* AnimalSounds.app */;
			productType = "com.apple.product-type.application";
		};
/* End PBXNativeTarget section */

/* Begin PBXProject section */
		F6114FB61F462E5A007F0720 /* Project object */ = {
			isa = PBXProject;
			attributes = {
				LastSwiftUpdateCheck = 0830;
				LastUpgradeCheck = 0830;
				ORGANIZATIONNAME = "Krasimir Marinov";
				TargetAttributes = {
					F6114FBD1F462E5A007F0720 = {
						CreatedOnToolsVersion = 8.3.3;
						ProvisioningStyle = Automatic;
					};
				};
			};
			buildConfigurationList = F6114FB91F462E5A007F0720 /* Build configuration list for PBXProject "AnimalSounds" */;
			compatibilityVersion = "Xcode 3.2";
			developmentRegion = English;
			hasScannedForEncodings = 0;
			knownRegions = (
				en,
				Base,
			);
			mainGroup = F6114FB51F462E5A007F0720;
			productRefGroup = F6114FBF1F462E5A007F0720 /* Products */;
			projectDirPath = "";
			projectRoot = "";
			targets = (
				F6114FBD1F462E5A007F0720 /* AnimalSounds */,
			);
		};
/* End PBXProject section */

/* Begin PBXResourcesBuildPhase section */
		F6114FBC1F462E5A007F0720 /* Resources */ = {
			isa = PBXResourcesBuildPhase;
			buildActionMask = 2147483647;
			files = (
				F6114FD71F463241007F0720 /* meow.m4a in Resources */,
				F6114FDA1F463241007F0720 /* woof.m4a in Resources */,
				F6114FD81F463241007F0720 /* moo.m4a in Resources */,
				F6114FCC1F462E5A007F0720 /* LaunchScreen.storyboard in Resources */,
				F6114FC91F462E5A007F0720 /* Assets.xcassets in Resources */,
				F6114FC71F462E5A007F0720 /* Main.storyboard in Resources */,
			);
			runOnlyForDeploymentPostprocessing = 0;
		};
/* End PBXResourcesBuildPhase section */

/* Begin PBXSourcesBuildPhase section */
		F6114FBA1F462E5A007F0720 /* Sources */ = {
			isa = PBXSourcesBuildPhase;
			buildActionMask = 2147483647;
			files = (
				F6114FD91F463241007F0720 /* SimpleSound.swift in Sources */,
				F6114FC41F462E5A007F0720 /* ViewController.swift in Sources */,
				F6114FC21F462E5A007F0720 /* AppDelegate.swift in Sources */,
			);
			runOnlyForDeploymentPostprocessing = 0;
		};
/* End PBXSourcesBuildPhase section */

/* Begin PBXVariantGroup section */
		F6114FC51F462E5A007F0720 /* Main.storyboard */ = {
			isa = PBXVariantGroup;
			children = (
				F6114FC61F462E5A007F0720 /* Base */,
			);
			name = Main.storyboard;
			sourceTree = "<group>";
		};
		F6114FCA1F462E5A007F0720 /* LaunchScreen.storyboard */ = {
			isa = PBXVariantGroup;
			children = (
				F6114FCB1F462E5A007F0720 /* Base */,
			);
			name = LaunchScreen.storyboard;
			sourceTree = "<group>";
		};
/* End PBXVariantGroup section */

/* Begin XCBuildConfiguration section */
		F6114FCE1F462E5A007F0720 /* Debug */ = {
			isa = XCBuildConfiguration;
			buildSettings = {
				ALWAYS_SEARCH_USER_PATHS = NO;
				CLANG_ANALYZER_NONNULL = YES;
				CLANG_ANALYZER_NUMBER_OBJECT_CONVERSION = YES_AGGRESSIVE;
				CLANG_CXX_LANGUAGE_STANDARD = "gnu++0x";
				CLANG_CXX_LIBRARY = "libc++";
				CLANG_ENABLE_MODULES = YES;
				CLANG_ENABLE_OBJC_ARC = YES;
				CLANG_WARN_BOOL_CONVERSION = YES;
				CLANG_WARN_CONSTANT_CONVERSION = YES;
				CLANG_WARN_DIRECT_OBJC_ISA_USAGE = YES_ERROR;
				CLANG_WARN_DOCUMENTATION_COMMENTS = YES;
				CLANG_WARN_EMPTY_BODY = YES;
				CLANG_WARN_ENUM_CONVERSION = YES;
				CLANG_WARN_INFINITE_RECURSION = YES;
				CLANG_WARN_INT_CONVERSION = YES;
				CLANG_WARN_OBJC_ROOT_CLASS = YES_ERROR;
				CLANG_WARN_SUSPICIOUS_MOVE = YES;
				CLANG_WARN_UNREACHABLE_CODE = YES;
				CLANG_WARN__DUPLICATE_METHOD_MATCH = YES;
				"CODE_SIGN_IDENTITY[sdk=iphoneos*]" = "iPhone Developer";
				COPY_PHASE_STRIP = NO;
				DEBUG_INFORMATION_FORMAT = dwarf;
				ENABLE_STRICT_OBJC_MSGSEND = YES;
				ENABLE_TESTABILITY = YES;
				GCC_C_LANGUAGE_STANDARD = gnu99;
				GCC_DYNAMIC_NO_PIC = NO;
				GCC_NO_COMMON_BLOCKS = YES;
				GCC_OPTIMIZATION_LEVEL = 0;
				GCC_PREPROCESSOR_DEFINITIONS = (
					"DEBUG=1",
					"$(inherited)",
				);
				GCC_WARN_64_TO_32_BIT_CONVERSION = YES;
				GCC_WARN_ABOUT_RETURN_TYPE = YES_ERROR;
				GCC_WARN_UNDECLARED_SELECTOR = YES;
				GCC_WARN_UNINITIALIZED_AUTOS = YES_AGGRESSIVE;
				GCC_WARN_UNUSED_FUNCTION = YES;
				GCC_WARN_UNUSED_VARIABLE = YES;
				IPHONEOS_DEPLOYMENT_TARGET = 10.3;
				MTL_ENABLE_DEBUG_INFO = YES;
				ONLY_ACTIVE_ARCH = YES;
				SDKROOT = iphoneos;
				SWIFT_ACTIVE_COMPILATION_CONDITIONS = DEBUG;
				SWIFT_OPTIMIZATION_LEVEL = "-Onone";
				TARGETED_DEVICE_FAMILY = "1,2";
			};
			name = Debug;
		};
		F6114FCF1F462E5A007F0720 /* Release */ = {
			isa = XCBuildConfiguration;
			buildSettings = {
				ALWAYS_SEARCH_USER_PATHS = NO;
				CLANG_ANALYZER_NONNULL = YES;
				CLANG_ANALYZER_NUMBER_OBJECT_CONVERSION = YES_AGGRESSIVE;
				CLANG_CXX_LANGUAGE_STANDARD = "gnu++0x";
				CLANG_CXX_LIBRARY = "libc++";
				CLANG_ENABLE_MODULES = YES;
				CLANG_ENABLE_OBJC_ARC = YES;
				CLANG_WARN_BOOL_CONVERSION = YES;
				CLANG_WARN_CONSTANT_CONVERSION = YES;
				CLANG_WARN_DIRECT_OBJC_ISA_USAGE = YES_ERROR;
				CLANG_WARN_DOCUMENTATION_COMMENTS = YES;
				CLANG_WARN_EMPTY_BODY = YES;
				CLANG_WARN_ENUM_CONVERSION = YES;
				CLANG_WARN_INFINITE_RECURSION = YES;
				CLANG_WARN_INT_CONVERSION = YES;
				CLANG_WARN_OBJC_ROOT_CLASS = YES_ERROR;
				CLANG_WARN_SUSPICIOUS_MOVE = YES;
				CLANG_WARN_UNREACHABLE_CODE = YES;
				CLANG_WARN__DUPLICATE_METHOD_MATCH = YES;
				"CODE_SIGN_IDENTITY[sdk=iphoneos*]" = "iPhone Developer";
				COPY_PHASE_STRIP = NO;
				DEBUG_INFORMATION_FORMAT = "dwarf-with-dsym";
				ENABLE_NS_ASSERTIONS = NO;
				ENABLE_STRICT_OBJC_MSGSEND = YES;
				GCC_C_LANGUAGE_STANDARD = gnu99;
				GCC_NO_COMMON_BLOCKS = YES;
				GCC_WARN_64_TO_32_BIT_CONVERSION = YES;
				GCC_WARN_ABOUT_RETURN_TYPE = YES_ERROR;
				GCC_WARN_UNDECLARED_SELECTOR = YES;
				GCC_WARN_UNINITIALIZED_AUTOS = YES_AGGRESSIVE;
				GCC_WARN_UNUSED_FUNCTION = YES;
				GCC_WARN_UNUSED_VARIABLE = YES;
				IPHONEOS_DEPLOYMENT_TARGET = 10.3;
				MTL_ENABLE_DEBUG_INFO = NO;
				SDKROOT = iphoneos;
				SWIFT_OPTIMIZATION_LEVEL = "-Owholemodule";
				TARGETED_DEVICE_FAMILY = "1,2";
				VALIDATE_PRODUCT = YES;
			};
			name = Release;
		};
		F6114FD11F462E5A007F0720 /* Debug */ = {
			isa = XCBuildConfiguration;
			buildSettings = {
				ASSETCATALOG_COMPILER_APPICON_NAME = AppIcon;
				INFOPLIST_FILE = AnimalSounds/Info.plist;
				LD_RUNPATH_SEARCH_PATHS = "$(inherited) @executable_path/Frameworks";
				PRODUCT_BUNDLE_IDENTIFIER = com.example.AnimalSounds;
				PRODUCT_NAME = "$(TARGET_NAME)";
				SWIFT_VERSION = 3.0;
			};
			name = Debug;
		};
		F6114FD21F462E5A007F0720 /* Release */ = {
			isa = XCBuildConfiguration;
			buildSettings = {
				ASSETCATALOG_COMPILER_APPICON_NAME = AppIcon;
				INFOPLIST_FILE = AnimalSounds/Info.plist;
				LD_RUNPATH_SEARCH_PATHS = "$(inherited) @executable_path/Frameworks";
				PRODUCT_BUNDLE_IDENTIFIER = com.example.AnimalSounds;
				PRODUCT_NAME = "$(TARGET_NAME)";
				SWIFT_VERSION = 3.0;
			};
			name = Release;
		};
/* End XCBuildConfiguration section */

/* Begin XCConfigurationList section */
		F6114FB91F462E5A007F0720 /* Build configuration list for PBXProject "AnimalSounds" */ = {
			isa = XCConfigurationList;
			buildConfigurations = (
				F6114FCE1F462E5A007F0720 /* Debug */,
				F6114FCF1F462E5A007F0720 /* Release */,
			);
			defaultConfigurationIsVisible = 0;
			defaultConfigurationName = Release;
		};
		F6114FD01F462E5A007F0720 /* Build configuration list for PBXNativeTarget "AnimalSounds" */ = {
			isa = XCConfigurationList;
			buildConfigurations = (
				F6114FD11F462E5A007F0720 /* Debug */,
				F6114FD21F462E5A007F0720 /* Release */,
			);
			defaultConfigurationIsVisible = 0;
		};
/* End XCConfigurationList section */
	};
	rootObject = F6114FB61F462E5A007F0720 /* Project object */;
}
